
Microsoft Visual Studio Solution File, Format Version 12.00
# Visual Studio 15
VisualStudioVersion = 15.0.27130.2010
MinimumVisualStudioVersion = 10.0.40219.1
Project("{FAE04EC0-301F-11D3-BF4B-00C04F79EFBC}") = "ComoNaoProgramar.WebApp1", "ComoNaoProgramar.WebApp1\ComoNaoProgramar.WebApp1.csproj", "{A8F1C8A0-3BAC-4122-B77F-BB266107A096}"
EndProject
Global
	GlobalSection(SolutionConfigurationPlatforms) = preSolution
		Debug|Any CPU = Debug|Any CPU
		Release|Any CPU = Release|Any CPU
	EndGlobalSection
	GlobalSection(ProjectConfigurationPlatforms) = postSolution
		{A8F1C8A0-3BAC-4122-B77F-BB266107A096}.Debug|Any CPU.ActiveCfg = Debug|Any CPU
		{A8F1C8A0-3BAC-4122-B77F-BB266107A096}.Debug|Any CPU.Build.0 = Debug|Any CPU
		{A8F1C8A0-3BAC-4122-B77F-BB266107A096}.Release|Any CPU.ActiveCfg = Release|Any CPU
		{A8F1C8A0-3BAC-4122-B77F-BB266107A096}.Release|Any CPU.Build.0 = Release|Any CPU
	EndGlobalSection
	GlobalSection(SolutionProperties) = preSolution
		HideSolutionNode = FALSE
	EndGlobalSection
	GlobalSection(ExtensibilityGlobals) = postSolution
		SolutionGuid = {2A6AE610-5227-49A5-96AD-6D854F9C1B2B}
	EndGlobalSection
EndGlobal
